
Microsoft Visual Studio Solution File, Format Version 12.00
# Visual Studio 15
VisualStudioVersion = 15.0.28010.2016
MinimumVisualStudioVersion = 10.0.40219.1
Project("{FAE04EC0-301F-11D3-BF4B-00C04F79EFBC}") = "CoreAndAngular", "CoreAndAngular\CoreAndAngular.csproj", "{9E6C2E2E-FF82-48A8-A9FC-7EE3EE04E17B}"
EndProject
Global
	GlobalSection(SolutionConfigurationPlatforms) = preSolution
		Debug|Any CPU = Debug|Any CPU
		Release|Any CPU = Release|Any CPU
	EndGlobalSection
	GlobalSection(ProjectConfigurationPlatforms) = postSolution
		{9E6C2E2E-FF82-48A8-A9FC-7EE3EE04E17B}.Debug|Any CPU.ActiveCfg = Debug|Any CPU
		{9E6C2E2E-FF82-48A8-A9FC-7EE3EE04E17B}.Debug|Any CPU.Build.0 = Debug|Any CPU
		{9E6C2E2E-FF82-48A8-A9FC-7EE3EE04E17B}.Release|Any CPU.ActiveCfg = Release|Any CPU
		{9E6C2E2E-FF82-48A8-A9FC-7EE3EE04E17B}.Release|Any CPU.Build.0 = Release|Any CPU
	EndGlobalSection
	GlobalSection(SolutionProperties) = preSolution
		HideSolutionNode = FALSE
	EndGlobalSection
	GlobalSection(ExtensibilityGlobals) = postSolution
		SolutionGuid = {74B970F2-C28E-45E4-809F-1BC17A256839}
	EndGlobalSection
EndGlobal
